// !$*UTF8*$!
{
	archiveVersion = 1;
	classes = {
	};
	objectVersion = 50;
	objects = {

/* Begin PBXBuildFile section */
		8A928C85246D4AA900C09056 /* ViewController.swift in Sources */ = {isa = PBXBuildFile; fileRef = 8A928C84246D4AA900C09056 /* ViewController.swift */; };
		8A928C87246D7A9900C09056 /* DishesMenuController.swift in Sources */ = {isa = PBXBuildFile; fileRef = 8A928C86246D7A9900C09056 /* DishesMenuController.swift */; };
		8A928C89246D839900C09056 /* DishDetailController.swift in Sources */ = {isa = PBXBuildFile; fileRef = 8A928C88246D839900C09056 /* DishDetailController.swift */; };
		8A928C8B246D860900C09056 /* RestaurantController.swift in Sources */ = {isa = PBXBuildFile; fileRef = 8A928C8A246D860900C09056 /* RestaurantController.swift */; };
		8A928C8D246D8B0B00C09056 /* restcon.swift in Sources */ = {isa = PBXBuildFile; fileRef = 8A928C8C246D8B0B00C09056 /* restcon.swift */; };
		8AE4EDBC246D307F0094FA32 /* AppDelegate.swift in Sources */ = {isa = PBXBuildFile; fileRef = 8AE4EDBB246D307F0094FA32 /* AppDelegate.swift */; };
		8AE4EDBE246D307F0094FA32 /* SceneDelegate.swift in Sources */ = {isa = PBXBuildFile; fileRef = 8AE4EDBD246D307F0094FA32 /* SceneDelegate.swift */; };
		8AE4EDC3246D307F0094FA32 /* Main.storyboard in Resources */ = {isa = PBXBuildFile; fileRef = 8AE4EDC1246D307F0094FA32 /* Main.storyboard */; };
		8AE4EDC5246D30820094FA32 /* Assets.xcassets in Resources */ = {isa = PBXBuildFile; fileRef = 8AE4EDC4246D30820094FA32 /* Assets.xcassets */; };
		8AE4EDC8246D30820094FA32 /* LaunchScreen.storyboard in Resources */ = {isa = PBXBuildFile; fileRef = 8AE4EDC6246D30820094FA32 /* LaunchScreen.storyboard */; };
/* End PBXBuildFile section */

/* Begin PBXFileReference section */
		8A928C84246D4AA900C09056 /* ViewController.swift */ = {isa = PBXFileReference; lastKnownFileType = sourcecode.swift; path = ViewController.swift; sourceTree = "<group>"; };
		8A928C86246D7A9900C09056 /* DishesMenuController.swift */ = {isa = PBXFileReference; lastKnownFileType = sourcecode.swift; path = DishesMenuController.swift; sourceTree = "<group>"; };
		8A928C88246D839900C09056 /* DishDetailController.swift */ = {isa = PBXFileReference; lastKnownFileType = sourcecode.swift; path = DishDetailController.swift; sourceTree = "<group>"; };
		8A928C8A246D860900C09056 /* RestaurantController.swift */ = {isa = PBXFileReference; lastKnownFileType = sourcecode.swift; path = RestaurantController.swift; sourceTree = "<group>"; };
		8A928C8C246D8B0B00C09056 /* restcon.swift */ = {isa = PBXFileReference; lastKnownFileType = sourcecode.swift; path = restcon.swift; sourceTree = "<group>"; };
		8AE4EDB8246D307F0094FA32 /* order.app */ = {isa = PBXFileReference; explicitFileType = wrapper.application; includeInIndex = 0; path = order.app; sourceTree = BUILT_PRODUCTS_DIR; };
		8AE4EDBB246D307F0094FA32 /* AppDelegate.swift */ = {isa = PBXFileReference; lastKnownFileType = sourcecode.swift; path = AppDelegate.swift; sourceTree = "<group>"; };
		8AE4EDBD246D307F0094FA32 /* SceneDelegate.swift */ = {isa = PBXFileReference; lastKnownFileType = sourcecode.swift; path = SceneDelegate.swift; sourceTree = "<group>"; };
		8AE4EDC2246D307F0094FA32 /* Base */ = {isa = PBXFileReference; lastKnownFileType = file.storyboard; name = Base; path = Base.lproj/Main.storyboard; sourceTree = "<group>"; };
		8AE4EDC4246D30820094FA32 /* Assets.xcassets */ = {isa = PBXFileReference; lastKnownFileType = folder.assetcatalog; path = Assets.xcassets; sourceTree = "<group>"; };
		8AE4EDC7246D30820094FA32 /* Base */ = {isa = PBXFileReference; lastKnownFileType = file.storyboard; name = Base; path = Base.lproj/LaunchScreen.storyboard; sourceTree = "<group>"; };
		8AE4EDC9246D30820094FA32 /* Info.plist */ = {isa = PBXFileReference; lastKnownFileType = text.plist.xml; path = Info.plist; sourceTree = "<group>"; };
/* End PBXFileReference section */

/* Begin PBXFrameworksBuildPhase section */
		8AE4EDB5246D307F0094FA32 /* Frameworks */ = {
			isa = PBXFrameworksBuildPhase;
			buildActionMask = 2147483647;
			files = (
			);
			runOnlyForDeploymentPostprocessing = 0;
		};
/* End PBXFrameworksBuildPhase section */

/* Begin PBXGroup section */
		8AE4EDAF246D307E0094FA32 = {
			isa = PBXGroup;
			children = (
				8AE4EDBA246D307F0094FA32 /* order */,
				8AE4EDB9246D307F0094FA32 /* Products */,
			);
			sourceTree = "<group>";
		};
		8AE4EDB9246D307F0094FA32 /* Products */ = {
			isa = PBXGroup;
			children = (
				8AE4EDB8246D307F0094FA32 /* order.app */,
			);
			name = Products;
			sourceTree = "<group>";
		};
		8AE4EDBA246D307F0094FA32 /* order */ = {
			isa = PBXGroup;
			children = (
				8AE4EDBB246D307F0094FA32 /* AppDelegate.swift */,
				8AE4EDBD246D307F0094FA32 /* SceneDelegate.swift */,
				8AE4EDC1246D307F0094FA32 /* Main.storyboard */,
				8AE4EDC4246D30820094FA32 /* Assets.xcassets */,
				8AE4EDC6246D30820094FA32 /* LaunchScreen.storyboard */,
				8AE4EDC9246D30820094FA32 /* Info.plist */,
				8A928C84246D4AA900C09056 /* ViewController.swift */,
				8A928C86246D7A9900C09056 /* DishesMenuController.swift */,
				8A928C88246D839900C09056 /* DishDetailController.swift */,
				8A928C8A246D860900C09056 /* RestaurantController.swift */,
				8A928C8C246D8B0B00C09056 /* restcon.swift */,
			);
			path = order;
			sourceTree = "<group>";
		};
/* End PBXGroup section */

/* Begin PBXNativeTarget section */
		8AE4EDB7246D307F0094FA32 /* order */ = {
			isa = PBXNativeTarget;
			buildConfigurationList = 8AE4EDCC246D30820094FA32 /* Build configuration list for PBXNativeTarget "order" */;
			buildPhases = (
				8AE4EDB4246D307F0094FA32 /* Sources */,
				8AE4EDB5246D307F0094FA32 /* Frameworks */,
				8AE4EDB6246D307F0094FA32 /* Resources */,
			);
			buildRules = (
			);
			dependencies = (
			);
			name = order;
			productName = order;
			productReference = 8AE4EDB8246D307F0094FA32 /* order.app */;
			productType = "com.apple.product-type.application";
		};
/* End PBXNativeTarget section */

/* Begin PBXProject section */
		8AE4EDB0246D307F0094FA32 /* Project object */ = {
			isa = PBXProject;
			attributes = {
				LastSwiftUpdateCheck = 1140;
				LastUpgradeCheck = 1140;
				ORGANIZATIONNAME = "岳小葵";
				TargetAttributes = {
					8AE4EDB7246D307F0094FA32 = {
						CreatedOnToolsVersion = 11.4.1;
					};
				};
			};
			buildConfigurationList = 8AE4EDB3246D307F0094FA32 /* Build configuration list for PBXProject "order" */;
			compatibilityVersion = "Xcode 9.3";
			developmentRegion = en;
			hasScannedForEncodings = 0;
			knownRegions = (
				en,
				Base,
			);
			mainGroup = 8AE4EDAF246D307E0094FA32;
			productRefGroup = 8AE4EDB9246D307F0094FA32 /* Products */;
			projectDirPath = "";
			projectRoot = "";
			targets = (
				8AE4EDB7246D307F0094FA32 /* order */,
			);
		};
/* End PBXProject section */

/* Begin PBXResourcesBuildPhase section */
		8AE4EDB6246D307F0094FA32 /* Resources */ = {
			isa = PBXResourcesBuildPhase;
			buildActionMask = 2147483647;
			files = (
				8AE4EDC8246D30820094FA32 /* LaunchScreen.storyboard in Resources */,
				8AE4EDC5246D30820094FA32 /* Assets.xcassets in Resources */,
				8AE4EDC3246D307F0094FA32 /* Main.storyboard in Resources */,
			);
			runOnlyForDeploymentPostprocessing = 0;
		};
/* End PBXResourcesBuildPhase section */

/* Begin PBXSourcesBuildPhase section */
		8AE4EDB4246D307F0094FA32 /* Sources */ = {
			isa = PBXSourcesBuildPhase;
			buildActionMask = 2147483647;
			files = (
				8A928C85246D4AA900C09056 /* ViewController.swift in Sources */,
				8A928C89246D839900C09056 /* DishDetailController.swift in Sources */,
				8A928C8B246D860900C09056 /* RestaurantController.swift in Sources */,
				8AE4EDBC246D307F0094FA32 /* AppDelegate.swift in Sources */,
				8A928C87246D7A9900C09056 /* DishesMenuController.swift in Sources */,
				8A928C8D246D8B0B00C09056 /* restcon.swift in Sources */,
				8AE4EDBE246D307F0094FA32 /* SceneDelegate.swift in Sources */,
			);
			runOnlyForDeploymentPostprocessing = 0;
		};
/* End PBXSourcesBuildPhase section */

/* Begin PBXVariantGroup section */
		8AE4EDC1246D307F0094FA32 /* Main.storyboard */ = {
			isa = PBXVariantGroup;
			children = (
				8AE4EDC2246D307F0094FA32 /* Base */,
			);
			name = Main.storyboard;
			sourceTree = "<group>";
		};
		8AE4EDC6246D30820094FA32 /* LaunchScreen.storyboard */ = {
			isa = PBXVariantGroup;
			children = (
				8AE4EDC7246D30820094FA32 /* Base */,
			);
			name = LaunchScreen.storyboard;
			sourceTree = "<group>";
		};
/* End PBXVariantGroup section */

/* Begin XCBuildConfiguration section */
		8AE4EDCA246D30820094FA32 /* Debug */ = {
			isa = XCBuildConfiguration;
			buildSettings = {
				ALWAYS_SEARCH_USER_PATHS = NO;
				CLANG_ANALYZER_NONNULL = YES;
				CLANG_ANALYZER_NUMBER_OBJECT_CONVERSION = YES_AGGRESSIVE;
				CLANG_CXX_LANGUAGE_STANDARD = "gnu++14";
				CLANG_CXX_LIBRARY = "libc++";
				CLANG_ENABLE_MODULES = YES;
				CLANG_ENABLE_OBJC_ARC = YES;
				CLANG_ENABLE_OBJC_WEAK = YES;
				CLANG_WARN_BLOCK_CAPTURE_AUTORELEASING = YES;
				CLANG_WARN_BOOL_CONVERSION = YES;
				CLANG_WARN_COMMA = YES;
				CLANG_WARN_CONSTANT_CONVERSION = YES;
				CLANG_WARN_DEPRECATED_OBJC_IMPLEMENTATIONS = YES;
				CLANG_WARN_DIRECT_OBJC_ISA_USAGE = YES_ERROR;
				CLANG_WARN_DOCUMENTATION_COMMENTS = YES;
				CLANG_WARN_EMPTY_BODY = YES;
				CLANG_WARN_ENUM_CONVERSION = YES;
				CLANG_WARN_INFINITE_RECURSION = YES;
				CLANG_WARN_INT_CONVERSION = YES;
				CLANG_WARN_NON_LITERAL_NULL_CONVERSION = YES;
				CLANG_WARN_OBJC_IMPLICIT_RETAIN_SELF = YES;
				CLANG_WARN_OBJC_LITERAL_CONVERSION = YES;
				CLANG_WARN_OBJC_ROOT_CLASS = YES_ERROR;
				CLANG_WARN_RANGE_LOOP_ANALYSIS = YES;
				CLANG_WARN_STRICT_PROTOTYPES = YES;
				CLANG_WARN_SUSPICIOUS_MOVE = YES;
				CLANG_WARN_UNGUARDED_AVAILABILITY = YES_AGGRESSIVE;
				CLANG_WARN_UNREACHABLE_CODE = YES;
				CLANG_WARN__DUPLICATE_METHOD_MATCH = YES;
				COPY_PHASE_STRIP = NO;
				DEBUG_INFORMATION_FORMAT = dwarf;
				ENABLE_STRICT_OBJC_MSGSEND = YES;
				ENABLE_TESTABILITY = YES;
				GCC_C_LANGUAGE_STANDARD = gnu11;
				GCC_DYNAMIC_NO_PIC = NO;
				GCC_NO_COMMON_BLOCKS = YES;
				GCC_OPTIMIZATION_LEVEL = 0;
				GCC_PREPROCESSOR_DEFINITIONS = (
					"DEBUG=1",
					"$(inherited)",
				);
				GCC_WARN_64_TO_32_BIT_CONVERSION = YES;
				GCC_WARN_ABOUT_RETURN_TYPE = YES_ERROR;
				GCC_WARN_UNDECLARED_SELECTOR = YES;
				GCC_WARN_UNINITIALIZED_AUTOS = YES_AGGRESSIVE;
				GCC_WARN_UNUSED_FUNCTION = YES;
				GCC_WARN_UNUSED_VARIABLE = YES;
				IPHONEOS_DEPLOYMENT_TARGET = 13.4;
				MTL_ENABLE_DEBUG_INFO = INCLUDE_SOURCE;
				MTL_FAST_MATH = YES;
				ONLY_ACTIVE_ARCH = YES;
				SDKROOT = iphoneos;
				SWIFT_ACTIVE_COMPILATION_CONDITIONS = DEBUG;
				SWIFT_OPTIMIZATION_LEVEL = "-Onone";
			};
			name = Debug;
		};
		8AE4EDCB246D30820094FA32 /* Release */ = {
			isa = XCBuildConfiguration;
			buildSettings = {
				ALWAYS_SEARCH_USER_PATHS = NO;
				CLANG_ANALYZER_NONNULL = YES;
				CLANG_ANALYZER_NUMBER_OBJECT_CONVERSION = YES_AGGRESSIVE;
				CLANG_CXX_LANGUAGE_STANDARD = "gnu++14";
				CLANG_CXX_LIBRARY = "libc++";
				CLANG_ENABLE_MODULES = YES;
				CLANG_ENABLE_OBJC_ARC = YES;
				CLANG_ENABLE_OBJC_WEAK = YES;
				CLANG_WARN_BLOCK_CAPTURE_AUTORELEASING = YES;
				CLANG_WARN_BOOL_CONVERSION = YES;
				CLANG_WARN_COMMA = YES;
				CLANG_WARN_CONSTANT_CONVERSION = YES;
				CLANG_WARN_DEPRECATED_OBJC_IMPLEMENTATIONS = YES;
				CLANG_WARN_DIRECT_OBJC_ISA_USAGE = YES_ERROR;
				CLANG_WARN_DOCUMENTATION_COMMENTS = YES;
				CLANG_WARN_EMPTY_BODY = YES;
				CLANG_WARN_ENUM_CONVERSION = YES;
				CLANG_WARN_INFINITE_RECURSION = YES;
				CLANG_WARN_INT_CONVERSION = YES;
				CLANG_WARN_NON_LITERAL_NULL_CONVERSION = YES;
				CLANG_WARN_OBJC_IMPLICIT_RETAIN_SELF = YES;
				CLANG_WARN_OBJC_LITERAL_CONVERSION = YES;
				CLANG_WARN_OBJC_ROOT_CLASS = YES_ERROR;
				CLANG_WARN_RANGE_LOOP_ANALYSIS = YES;
				CLANG_WARN_STRICT_PROTOTYPES = YES;
				CLANG_WARN_SUSPICIOUS_MOVE = YES;
				CLANG_WARN_UNGUARDED_AVAILABILITY = YES_AGGRESSIVE;
				CLANG_WARN_UNREACHABLE_CODE = YES;
				CLANG_WARN__DUPLICATE_METHOD_MATCH = YES;
				COPY_PHASE_STRIP = NO;
				DEBUG_INFORMATION_FORMAT = "dwarf-with-dsym";
				ENABLE_NS_ASSERTIONS = NO;
				ENABLE_STRICT_OBJC_MSGSEND = YES;
				GCC_C_LANGUAGE_STANDARD = gnu11;
				GCC_NO_COMMON_BLOCKS = YES;
				GCC_WARN_64_TO_32_BIT_CONVERSION = YES;
				GCC_WARN_ABOUT_RETURN_TYPE = YES_ERROR;
				GCC_WARN_UNDECLARED_SELECTOR = YES;
				GCC_WARN_UNINITIALIZED_AUTOS = YES_AGGRESSIVE;
				GCC_WARN_UNUSED_FUNCTION = YES;
				GCC_WARN_UNUSED_VARIABLE = YES;
				IPHONEOS_DEPLOYMENT_TARGET = 13.4;
				MTL_ENABLE_DEBUG_INFO = NO;
				MTL_FAST_MATH = YES;
				SDKROOT = iphoneos;
				SWIFT_COMPILATION_MODE = wholemodule;
				SWIFT_OPTIMIZATION_LEVEL = "-O";
				VALIDATE_PRODUCT = YES;
			};
			name = Release;
		};
		8AE4EDCD246D30820094FA32 /* Debug */ = {
			isa = XCBuildConfiguration;
			buildSettings = {
				ASSETCATALOG_COMPILER_APPICON_NAME = AppIcon;
				CODE_SIGN_STYLE = Automatic;
				DEVELOPMENT_TEAM = N8JX7RXSVP;
				INFOPLIST_FILE = order/Info.plist;
				LD_RUNPATH_SEARCH_PATHS = (
					"$(inherited)",
					"@executable_path/Frameworks",
				);
				PRODUCT_BUNDLE_IDENTIFIER = whu.order;
				PRODUCT_NAME = "$(TARGET_NAME)";
				SWIFT_VERSION = 5.0;
				TARGETED_DEVICE_FAMILY = "1,2";
			};
			name = Debug;
		};
		8AE4EDCE246D30820094FA32 /* Release */ = {
			isa = XCBuildConfiguration;
			buildSettings = {
				ASSETCATALOG_COMPILER_APPICON_NAME = AppIcon;
				CODE_SIGN_STYLE = Automatic;
				DEVELOPMENT_TEAM = N8JX7RXSVP;
				INFOPLIST_FILE = order/Info.plist;
				LD_RUNPATH_SEARCH_PATHS = (
					"$(inherited)",
					"@executable_path/Frameworks",
				);
				PRODUCT_BUNDLE_IDENTIFIER = whu.order;
				PRODUCT_NAME = "$(TARGET_NAME)";
				SWIFT_VERSION = 5.0;
				TARGETED_DEVICE_FAMILY = "1,2";
			};
			name = Release;
		};
/* End XCBuildConfiguration section */

/* Begin XCConfigurationList section */
		8AE4EDB3246D307F0094FA32 /* Build configuration list for PBXProject "order" */ = {
			isa = XCConfigurationList;
			buildConfigurations = (
				8AE4EDCA246D30820094FA32 /* Debug */,
				8AE4EDCB246D30820094FA32 /* Release */,
			);
			defaultConfigurationIsVisible = 0;
			defaultConfigurationName = Release;
		};
		8AE4EDCC246D30820094FA32 /* Build configuration list for PBXNativeTarget "order" */ = {
			isa = XCConfigurationList;
			buildConfigurations = (
				8AE4EDCD246D30820094FA32 /* Debug */,
				8AE4EDCE246D30820094FA32 /* Release */,
			);
			defaultConfigurationIsVisible = 0;
			defaultConfigurationName = Release;
		};
/* End XCConfigurationList section */
	};
	rootObject = 8AE4EDB0246D307F0094FA32 /* Project object */;
}
